
Microsoft Visual Studio Solution File, Format Version 11.00
# Visual Studio 2010
Project("{FAE04EC0-301F-11D3-BF4B-00C04F79EFBC}") = "Sleight", "Sleight\Sleight.csproj", "{FB08D923-0ECB-4834-BC8A-EB5E53B37557}"
EndProject
Project("{FAE04EC0-301F-11D3-BF4B-00C04F79EFBC}") = "Sleight.Tests", "Sleight.Tests\Sleight.Tests.csproj", "{61D7CFEA-B8F2-4242-83A1-D62622AC8ED4}"
EndProject
Global
	GlobalSection(SolutionConfigurationPlatforms) = preSolution
		Debug|Any CPU = Debug|Any CPU
		Release|Any CPU = Release|Any CPU
	EndGlobalSection
	GlobalSection(ProjectConfigurationPlatforms) = postSolution
		{FB08D923-0ECB-4834-BC8A-EB5E53B37557}.Debug|Any CPU.ActiveCfg = Debug|Any CPU
		{FB08D923-0ECB-4834-BC8A-EB5E53B37557}.Debug|Any CPU.Build.0 = Debug|Any CPU
		{FB08D923-0ECB-4834-BC8A-EB5E53B37557}.Release|Any CPU.ActiveCfg = Release|Any CPU
		{FB08D923-0ECB-4834-BC8A-EB5E53B37557}.Release|Any CPU.Build.0 = Release|Any CPU
		{61D7CFEA-B8F2-4242-83A1-D62622AC8ED4}.Debug|Any CPU.ActiveCfg = Debug|Any CPU
		{61D7CFEA-B8F2-4242-83A1-D62622AC8ED4}.Debug|Any CPU.Build.0 = Debug|Any CPU
		{61D7CFEA-B8F2-4242-83A1-D62622AC8ED4}.Release|Any CPU.ActiveCfg = Release|Any CPU
		{61D7CFEA-B8F2-4242-83A1-D62622AC8ED4}.Release|Any CPU.Build.0 = Release|Any CPU
	EndGlobalSection
	GlobalSection(SolutionProperties) = preSolution
		HideSolutionNode = FALSE
	EndGlobalSection
EndGlobal
